
Microsoft Visual Studio Solution File, Format Version 12.00
# Visual Studio Version 17
VisualStudioVersion = 17.0.31903.59
MinimumVisualStudioVersion = 10.0.40219.1
Project("{2150E333-8FDC-42A3-9474-1A3956D46DE8}") = "src", "src", "{827E0CD3-B72D-47B6-A68D-7590B98EB39B}"
EndProject
Project("{FAE04EC0-301F-11D3-BF4B-00C04F79EFBC}") = "DiskCleaner.Core", "src\DiskCleaner.Core\DiskCleaner.Core.csproj", "{3FA986A1-CAC8-438B-B048-2579DD0DF9C8}"
EndProject
Project("{FAE04EC0-301F-11D3-BF4B-00C04F79EFBC}") = "DiskCleaner.App", "src\DiskCleaner.App\DiskCleaner.App.csproj", "{B86EABA7-5F91-478B-8F6A-92006A0F4E59}"
EndProject
Project("{FAE04EC0-301F-11D3-BF4B-00C04F79EFBC}") = "DiskCleaner.Core.Tests", "tests\DiskCleaner.Core.Tests\DiskCleaner.Core.Tests.csproj", "{55BA2904-6CD2-425D-AC0C-EE204D95BC1C}"
EndProject
Global
	GlobalSection(SolutionConfigurationPlatforms) = preSolution
		Debug|Any CPU = Debug|Any CPU
		Debug|x64 = Debug|x64
		Debug|x86 = Debug|x86
		Release|Any CPU = Release|Any CPU
		Release|x64 = Release|x64
		Release|x86 = Release|x86
	EndGlobalSection
	GlobalSection(ProjectConfigurationPlatforms) = postSolution
		{3FA986A1-CAC8-438B-B048-2579DD0DF9C8}.Debug|Any CPU.ActiveCfg = Debug|Any CPU
		{3FA986A1-CAC8-438B-B048-2579DD0DF9C8}.Debug|Any CPU.Build.0 = Debug|Any CPU
		{3FA986A1-CAC8-438B-B048-2579DD0DF9C8}.Debug|x64.ActiveCfg = Debug|Any CPU
		{3FA986A1-CAC8-438B-B048-2579DD0DF9C8}.Debug|x64.Build.0 = Debug|Any CPU
		{3FA986A1-CAC8-438B-B048-2579DD0DF9C8}.Debug|x86.ActiveCfg = Debug|Any CPU
		{3FA986A1-CAC8-438B-B048-2579DD0DF9C8}.Debug|x86.Build.0 = Debug|Any CPU
		{3FA986A1-CAC8-438B-B048-2579DD0DF9C8}.Release|Any CPU.ActiveCfg = Release|Any CPU
		{3FA986A1-CAC8-438B-B048-2579DD0DF9C8}.Release|Any CPU.Build.0 = Release|Any CPU
		{3FA986A1-CAC8-438B-B048-2579DD0DF9C8}.Release|x64.ActiveCfg = Release|Any CPU
		{3FA986A1-CAC8-438B-B048-2579DD0DF9C8}.Release|x64.Build.0 = Release|Any CPU
		{3FA986A1-CAC8-438B-B048-2579DD0DF9C8}.Release|x86.ActiveCfg = Release|Any CPU
		{3FA986A1-CAC8-438B-B048-2579DD0DF9C8}.Release|x86.Build.0 = Release|Any CPU
		{B86EABA7-5F91-478B-8F6A-92006A0F4E59}.Debug|Any CPU.ActiveCfg = Debug|Any CPU
		{B86EABA7-5F91-478B-8F6A-92006A0F4E59}.Debug|Any CPU.Build.0 = Debug|Any CPU
		{B86EABA7-5F91-478B-8F6A-92006A0F4E59}.Debug|x64.ActiveCfg = Debug|Any CPU
		{B86EABA7-5F91-478B-8F6A-92006A0F4E59}.Debug|x64.Build.0 = Debug|Any CPU
		{B86EABA7-5F91-478B-8F6A-92006A0F4E59}.Debug|x86.ActiveCfg = Debug|Any CPU
		{B86EABA7-5F91-478B-8F6A-92006A0F4E59}.Debug|x86.Build.0 = Debug|Any CPU
		{B86EABA7-5F91-478B-8F6A-92006A0F4E59}.Release|Any CPU.ActiveCfg = Release|Any CPU
		{B86EABA7-5F91-478B-8F6A-92006A0F4E59}.Release|Any CPU.Build.0 = Release|Any CPU
		{B86EABA7-5F91-478B-8F6A-92006A0F4E59}.Release|x64.ActiveCfg = Release|Any CPU
		{B86EABA7-5F91-478B-8F6A-92006A0F4E59}.Release|x64.Build.0 = Release|Any CPU
		{B86EABA7-5F91-478B-8F6A-92006A0F4E59}.Release|x86.ActiveCfg = Release|Any CPU
		{B86EABA7-5F91-478B-8F6A-92006A0F4E59}.Release|x86.Build.0 = Release|Any CPU
		{55BA2904-6CD2-425D-AC0C-EE204D95BC1C}.Debug|Any CPU.ActiveCfg = Debug|Any CPU
		{55BA2904-6CD2-425D-AC0C-EE204D95BC1C}.Debug|Any CPU.Build.0 = Debug|Any CPU
		{55BA2904-6CD2-425D-AC0C-EE204D95BC1C}.Debug|x64.ActiveCfg = Debug|Any CPU
		{55BA2904-6CD2-425D-AC0C-EE204D95BC1C}.Debug|x64.Build.0 = Debug|Any CPU
		{55BA2904-6CD2-425D-AC0C-EE204D95BC1C}.Debug|x86.ActiveCfg = Debug|Any CPU
		{55BA2904-6CD2-425D-AC0C-EE204D95BC1C}.Debug|x86.Build.0 = Debug|Any CPU
		{55BA2904-6CD2-425D-AC0C-EE204D95BC1C}.Release|Any CPU.ActiveCfg = Release|Any CPU
		{55BA2904-6CD2-425D-AC0C-EE204D95BC1C}.Release|Any CPU.Build.0 = Release|Any CPU
		{55BA2904-6CD2-425D-AC0C-EE204D95BC1C}.Release|x64.ActiveCfg = Release|Any CPU
		{55BA2904-6CD2-425D-AC0C-EE204D95BC1C}.Release|x64.Build.0 = Release|Any CPU
		{55BA2904-6CD2-425D-AC0C-EE204D95BC1C}.Release|x86.ActiveCfg = Release|Any CPU
		{55BA2904-6CD2-425D-AC0C-EE204D95BC1C}.Release|x86.Build.0 = Release|Any CPU
	EndGlobalSection
	GlobalSection(SolutionProperties) = preSolution
		HideSolutionNode = FALSE
	EndGlobalSection
	GlobalSection(NestedProjects) = preSolution
		{3FA986A1-CAC8-438B-B048-2579DD0DF9C8} = {827E0CD3-B72D-47B6-A68D-7590B98EB39B}
		{B86EABA7-5F91-478B-8F6A-92006A0F4E59} = {827E0CD3-B72D-47B6-A68D-7590B98EB39B}
		{55BA2904-6CD2-425D-AC0C-EE204D95BC1C} = {827E0CD3-B72D-47B6-A68D-7590B98EB39B}
	EndGlobalSection
EndGlobal
